
Microsoft Visual Studio Solution File, Format Version 12.00
# Visual Studio Version 17
VisualStudioVersion = 17.5.33627.172
MinimumVisualStudioVersion = 10.0.40219.1
Project("{9A19103F-16F7-4668-BE54-9A1E7A4F7556}") = "DataTier", "DataTier\DataTier.csproj", "{83484F91-5443-406C-99AF-326C864E5D2B}"
EndProject
Project("{9A19103F-16F7-4668-BE54-9A1E7A4F7556}") = "BusinessTierAPI", "BusinessTierAPI\BusinessTierAPI.csproj", "{E957D144-7063-4492-AF54-A21B8D0D7C43}"
EndProject
Project("{FAE04EC0-301F-11D3-BF4B-00C04F79EFBC}") = "GUIClient", "GUIClient\GUIClient.csproj", "{36C45154-924C-4E4D-80DC-9496B867D8A5}"
EndProject
Global
	GlobalSection(SolutionConfigurationPlatforms) = preSolution
		Debug|Any CPU = Debug|Any CPU
		Release|Any CPU = Release|Any CPU
	EndGlobalSection
	GlobalSection(ProjectConfigurationPlatforms) = postSolution
		{83484F91-5443-406C-99AF-326C864E5D2B}.Debug|Any CPU.ActiveCfg = Debug|Any CPU
		{83484F91-5443-406C-99AF-326C864E5D2B}.Debug|Any CPU.Build.0 = Debug|Any CPU
		{83484F91-5443-406C-99AF-326C864E5D2B}.Release|Any CPU.ActiveCfg = Release|Any CPU
		{83484F91-5443-406C-99AF-326C864E5D2B}.Release|Any CPU.Build.0 = Release|Any CPU
		{E957D144-7063-4492-AF54-A21B8D0D7C43}.Debug|Any CPU.ActiveCfg = Debug|Any CPU
		{E957D144-7063-4492-AF54-A21B8D0D7C43}.Debug|Any CPU.Build.0 = Debug|Any CPU
		{E957D144-7063-4492-AF54-A21B8D0D7C43}.Release|Any CPU.ActiveCfg = Release|Any CPU
		{E957D144-7063-4492-AF54-A21B8D0D7C43}.Release|Any CPU.Build.0 = Release|Any CPU
		{36C45154-924C-4E4D-80DC-9496B867D8A5}.Debug|Any CPU.ActiveCfg = Debug|Any CPU
		{36C45154-924C-4E4D-80DC-9496B867D8A5}.Debug|Any CPU.Build.0 = Debug|Any CPU
		{36C45154-924C-4E4D-80DC-9496B867D8A5}.Release|Any CPU.ActiveCfg = Release|Any CPU
		{36C45154-924C-4E4D-80DC-9496B867D8A5}.Release|Any CPU.Build.0 = Release|Any CPU
	EndGlobalSection
	GlobalSection(SolutionProperties) = preSolution
		HideSolutionNode = FALSE
	EndGlobalSection
	GlobalSection(ExtensibilityGlobals) = postSolution
		SolutionGuid = {FA4B0E8C-3FF4-4EFE-BFFE-A7ECEAEB5832}
	EndGlobalSection
EndGlobal
